
Microsoft Visual Studio Solution File, Format Version 12.00
# Visual Studio 15
VisualStudioVersion = 15.0.28010.2026
MinimumVisualStudioVersion = 10.0.40219.1
Project("{FAE04EC0-301F-11D3-BF4B-00C04F79EFBC}") = "App01_ConsultarCEP.Android", "App01_ConsultarCEP\App01_ConsultarCEP.Android\App01_ConsultarCEP.Android.csproj", "{B20EA53B-78D0-4215-A9F0-A1255FB2A56F}"
EndProject
Project("{FAE04EC0-301F-11D3-BF4B-00C04F79EFBC}") = "App01_ConsultarCEP.iOS", "App01_ConsultarCEP\App01_ConsultarCEP.iOS\App01_ConsultarCEP.iOS.csproj", "{02596648-408C-40F6-AD3A-14837229E948}"
EndProject
Project("{FAE04EC0-301F-11D3-BF4B-00C04F79EFBC}") = "App01_ConsultarCEP.UWP", "App01_ConsultarCEP\App01_ConsultarCEP.UWP\App01_ConsultarCEP.UWP.csproj", "{2ECF3D64-FEC0-4569-907B-35514F3F7193}"
EndProject
Project("{FAE04EC0-301F-11D3-BF4B-00C04F79EFBC}") = "App01_ConsultarCEP", "App01_ConsultarCEP\App01_ConsultarCEP\App01_ConsultarCEP.csproj", "{CB520569-E0F3-4276-AEA7-CA534243D2DD}"
EndProject
Global
	GlobalSection(SolutionConfigurationPlatforms) = preSolution
		Ad-Hoc|Any CPU = Ad-Hoc|Any CPU
		Ad-Hoc|ARM = Ad-Hoc|ARM
		Ad-Hoc|iPhone = Ad-Hoc|iPhone
		Ad-Hoc|iPhoneSimulator = Ad-Hoc|iPhoneSimulator
		Ad-Hoc|x64 = Ad-Hoc|x64
		Ad-Hoc|x86 = Ad-Hoc|x86
		AppStore|Any CPU = AppStore|Any CPU
		AppStore|ARM = AppStore|ARM
		AppStore|iPhone = AppStore|iPhone
		AppStore|iPhoneSimulator = AppStore|iPhoneSimulator
		AppStore|x64 = AppStore|x64
		AppStore|x86 = AppStore|x86
		Debug|Any CPU = Debug|Any CPU
		Debug|ARM = Debug|ARM
		Debug|iPhone = Debug|iPhone
		Debug|iPhoneSimulator = Debug|iPhoneSimulator
		Debug|x64 = Debug|x64
		Debug|x86 = Debug|x86
		Release|Any CPU = Release|Any CPU
		Release|ARM = Release|ARM
		Release|iPhone = Release|iPhone
		Release|iPhoneSimulator = Release|iPhoneSimulator
		Release|x64 = Release|x64
		Release|x86 = Release|x86
	EndGlobalSection
	GlobalSection(ProjectConfigurationPlatforms) = postSolution
		{B20EA53B-78D0-4215-A9F0-A1255FB2A56F}.Ad-Hoc|Any CPU.ActiveCfg = Release|Any CPU
		{B20EA53B-78D0-4215-A9F0-A1255FB2A56F}.Ad-Hoc|Any CPU.Build.0 = Release|Any CPU
		{B20EA53B-78D0-4215-A9F0-A1255FB2A56F}.Ad-Hoc|Any CPU.Deploy.0 = Release|Any CPU
		{B20EA53B-78D0-4215-A9F0-A1255FB2A56F}.Ad-Hoc|ARM.ActiveCfg = Release|Any CPU
		{B20EA53B-78D0-4215-A9F0-A1255FB2A56F}.Ad-Hoc|ARM.Build.0 = Release|Any CPU
		{B20EA53B-78D0-4215-A9F0-A1255FB2A56F}.Ad-Hoc|ARM.Deploy.0 = Release|Any CPU
		{B20EA53B-78D0-4215-A9F0-A1255FB2A56F}.Ad-Hoc|iPhone.ActiveCfg = Release|Any CPU
		{B20EA53B-78D0-4215-A9F0-A1255FB2A56F}.Ad-Hoc|iPhone.Build.0 = Release|Any CPU
		{B20EA53B-78D0-4215-A9F0-A1255FB2A56F}.Ad-Hoc|iPhone.Deploy.0 = Release|Any CPU
		{B20EA53B-78D0-4215-A9F0-A1255FB2A56F}.Ad-Hoc|iPhoneSimulator.ActiveCfg = Release|Any CPU
		{B20EA53B-78D0-4215-A9F0-A1255FB2A56F}.Ad-Hoc|iPhoneSimulator.Build.0 = Release|Any CPU
		{B20EA53B-78D0-4215-A9F0-A1255FB2A56F}.Ad-Hoc|iPhoneSimulator.Deploy.0 = Release|Any CPU
		{B20EA53B-78D0-4215-A9F0-A1255FB2A56F}.Ad-Hoc|x64.ActiveCfg = Release|Any CPU
		{B20EA53B-78D0-4215-A9F0-A1255FB2A56F}.Ad-Hoc|x64.Build.0 = Release|Any CPU
		{B20EA53B-78D0-4215-A9F0-A1255FB2A56F}.Ad-Hoc|x64.Deploy.0 = Release|Any CPU
		{B20EA53B-78D0-4215-A9F0-A1255FB2A56F}.Ad-Hoc|x86.ActiveCfg = Release|Any CPU
		{B20EA53B-78D0-4215-A9F0-A1255FB2A56F}.Ad-Hoc|x86.Build.0 = Release|Any CPU
		{B20EA53B-78D0-4215-A9F0-A1255FB2A56F}.Ad-Hoc|x86.Deploy.0 = Release|Any CPU
		{B20EA53B-78D0-4215-A9F0-A1255FB2A56F}.AppStore|Any CPU.ActiveCfg = Release|Any CPU
		{B20EA53B-78D0-4215-A9F0-A1255FB2A56F}.AppStore|Any CPU.Build.0 = Release|Any CPU
		{B20EA53B-78D0-4215-A9F0-A1255FB2A56F}.AppStore|Any CPU.Deploy.0 = Release|Any CPU
		{B20EA53B-78D0-4215-A9F0-A1255FB2A56F}.AppStore|ARM.ActiveCfg = Release|Any CPU
		{B20EA53B-78D0-4215-A9F0-A1255FB2A56F}.AppStore|ARM.Build.0 = Release|Any CPU
		{B20EA53B-78D0-4215-A9F0-A1255FB2A56F}.AppStore|ARM.Deploy.0 = Release|Any CPU
		{B20EA53B-78D0-4215-A9F0-A1255FB2A56F}.AppStore|iPhone.ActiveCfg = Release|Any CPU
		{B20EA53B-78D0-4215-A9F0-A1255FB2A56F}.AppStore|iPhone.Build.0 = Release|Any CPU
		{B20EA53B-78D0-4215-A9F0-A1255FB2A56F}.AppStore|iPhone.Deploy.0 = Release|Any CPU
		{B20EA53B-78D0-4215-A9F0-A1255FB2A56F}.AppStore|iPhoneSimulator.ActiveCfg = Release|Any CPU
		{B20EA53B-78D0-4215-A9F0-A1255FB2A56F}.AppStore|iPhoneSimulator.Build.0 = Release|Any CPU
		{B20EA53B-78D0-4215-A9F0-A1255FB2A56F}.AppStore|iPhoneSimulator.Deploy.0 = Release|Any CPU
		{B20EA53B-78D0-4215-A9F0-A1255FB2A56F}.AppStore|x64.ActiveCfg = Release|Any CPU
		{B20EA53B-78D0-4215-A9F0-A1255FB2A56F}.AppStore|x64.Build.0 = Release|Any CPU
		{B20EA53B-78D0-4215-A9F0-A1255FB2A56F}.AppStore|x64.Deploy.0 = Release|Any CPU
		{B20EA53B-78D0-4215-A9F0-A1255FB2A56F}.AppStore|x86.ActiveCfg = Release|Any CPU
		{B20EA53B-78D0-4215-A9F0-A1255FB2A56F}.AppStore|x86.Build.0 = Release|Any CPU
		{B20EA53B-78D0-4215-A9F0-A1255FB2A56F}.AppStore|x86.Deploy.0 = Release|Any CPU
		{B20EA53B-78D0-4215-A9F0-A1255FB2A56F}.Debug|Any CPU.ActiveCfg = Debug|Any CPU
		{B20EA53B-78D0-4215-A9F0-A1255FB2A56F}.Debug|Any CPU.Build.0 = Debug|Any CPU
		{B20EA53B-78D0-4215-A9F0-A1255FB2A56F}.Debug|Any CPU.Deploy.0 = Debug|Any CPU
		{B20EA53B-78D0-4215-A9F0-A1255FB2A56F}.Debug|ARM.ActiveCfg = Debug|Any CPU
		{B20EA53B-78D0-4215-A9F0-A1255FB2A56F}.Debug|ARM.Build.0 = Debug|Any CPU
		{B20EA53B-78D0-4215-A9F0-A1255FB2A56F}.Debug|ARM.Deploy.0 = Debug|Any CPU
		{B20EA53B-78D0-4215-A9F0-A1255FB2A56F}.Debug|iPhone.ActiveCfg = Debug|Any CPU
		{B20EA53B-78D0-4215-A9F0-A1255FB2A56F}.Debug|iPhone.Build.0 = Debug|Any CPU
		{B20EA53B-78D0-4215-A9F0-A1255FB2A56F}.Debug|iPhone.Deploy.0 = Debug|Any CPU
		{B20EA53B-78D0-4215-A9F0-A1255FB2A56F}.Debug|iPhoneSimulator.ActiveCfg = Debug|Any CPU
		{B20EA53B-78D0-4215-A9F0-A1255FB2A56F}.Debug|iPhoneSimulator.Build.0 = Debug|Any CPU
		{B20EA53B-78D0-4215-A9F0-A1255FB2A56F}.Debug|iPhoneSimulator.Deploy.0 = Debug|Any CPU
		{B20EA53B-78D0-4215-A9F0-A1255FB2A56F}.Debug|x64.ActiveCfg = Debug|Any CPU
		{B20EA53B-78D0-4215-A9F0-A1255FB2A56F}.Debug|x64.Build.0 = Debug|Any CPU
		{B20EA53B-78D0-4215-A9F0-A1255FB2A56F}.Debug|x64.Deploy.0 = Debug|Any CPU
		{B20EA53B-78D0-4215-A9F0-A1255FB2A56F}.Debug|x86.ActiveCfg = Debug|Any CPU
		{B20EA53B-78D0-4215-A9F0-A1255FB2A56F}.Debug|x86.Build.0 = Debug|Any CPU
		{B20EA53B-78D0-4215-A9F0-A1255FB2A56F}.Debug|x86.Deploy.0 = Debug|Any CPU
		{B20EA53B-78D0-4215-A9F0-A1255FB2A56F}.Release|Any CPU.ActiveCfg = Release|Any CPU
		{B20EA53B-78D0-4215-A9F0-A1255FB2A56F}.Release|Any CPU.Build.0 = Release|Any CPU
		{B20EA53B-78D0-4215-A9F0-A1255FB2A56F}.Release|Any CPU.Deploy.0 = Release|Any CPU
		{B20EA53B-78D0-4215-A9F0-A1255FB2A56F}.Release|ARM.ActiveCfg = Release|Any CPU
		{B20EA53B-78D0-4215-A9F0-A1255FB2A56F}.Release|ARM.Build.0 = Release|Any CPU
		{B20EA53B-78D0-4215-A9F0-A1255FB2A56F}.Release|ARM.Deploy.0 = Release|Any CPU
		{B20EA53B-78D0-4215-A9F0-A1255FB2A56F}.Release|iPhone.ActiveCfg = Release|Any CPU
		{B20EA53B-78D0-4215-A9F0-A1255FB2A56F}.Release|iPhone.Build.0 = Release|Any CPU
		{B20EA53B-78D0-4215-A9F0-A1255FB2A56F}.Release|iPhone.Deploy.0 = Release|Any CPU
		{B20EA53B-78D0-4215-A9F0-A1255FB2A56F}.Release|iPhoneSimulator.ActiveCfg = Release|Any CPU
		{B20EA53B-78D0-4215-A9F0-A1255FB2A56F}.Release|iPhoneSimulator.Build.0 = Release|Any CPU
		{B20EA53B-78D0-4215-A9F0-A1255FB2A56F}.Release|iPhoneSimulator.Deploy.0 = Release|Any CPU
		{B20EA53B-78D0-4215-A9F0-A1255FB2A56F}.Release|x64.ActiveCfg = Release|Any CPU
		{B20EA53B-78D0-4215-A9F0-A1255FB2A56F}.Release|x64.Build.0 = Release|Any CPU
		{B20EA53B-78D0-4215-A9F0-A1255FB2A56F}.Release|x64.Deploy.0 = Release|Any CPU
		{B20EA53B-78D0-4215-A9F0-A1255FB2A56F}.Release|x86.ActiveCfg = Release|Any CPU
		{B20EA53B-78D0-4215-A9F0-A1255FB2A56F}.Release|x86.Build.0 = Release|Any CPU
		{B20EA53B-78D0-4215-A9F0-A1255FB2A56F}.Release|x86.Deploy.0 = Release|Any CPU
		{02596648-408C-40F6-AD3A-14837229E948}.Ad-Hoc|Any CPU.ActiveCfg = Ad-Hoc|iPhone
		{02596648-408C-40F6-AD3A-14837229E948}.Ad-Hoc|Any CPU.Build.0 = Ad-Hoc|iPhone
		{02596648-408C-40F6-AD3A-14837229E948}.Ad-Hoc|Any CPU.Deploy.0 = Ad-Hoc|iPhone
		{02596648-408C-40F6-AD3A-14837229E948}.Ad-Hoc|ARM.ActiveCfg = Ad-Hoc|iPhone
		{02596648-408C-40F6-AD3A-14837229E948}.Ad-Hoc|ARM.Build.0 = Ad-Hoc|iPhone
		{02596648-408C-40F6-AD3A-14837229E948}.Ad-Hoc|ARM.Deploy.0 = Ad-Hoc|iPhone
		{02596648-408C-40F6-AD3A-14837229E948}.Ad-Hoc|iPhone.ActiveCfg = Ad-Hoc|iPhone
		{02596648-408C-40F6-AD3A-14837229E948}.Ad-Hoc|iPhone.Build.0 = Ad-Hoc|iPhone
		{02596648-408C-40F6-AD3A-14837229E948}.Ad-Hoc|iPhone.Deploy.0 = Ad-Hoc|iPhone
		{02596648-408C-40F6-AD3A-14837229E948}.Ad-Hoc|iPhoneSimulator.ActiveCfg = Ad-Hoc|iPhoneSimulator
		{02596648-408C-40F6-AD3A-14837229E948}.Ad-Hoc|iPhoneSimulator.Build.0 = Ad-Hoc|iPhoneSimulator
		{02596648-408C-40F6-AD3A-14837229E948}.Ad-Hoc|iPhoneSimulator.Deploy.0 = Ad-Hoc|iPhoneSimulator
		{02596648-408C-40F6-AD3A-14837229E948}.Ad-Hoc|x64.ActiveCfg = Ad-Hoc|iPhone
		{02596648-408C-40F6-AD3A-14837229E948}.Ad-Hoc|x64.Build.0 = Ad-Hoc|iPhone
		{02596648-408C-40F6-AD3A-14837229E948}.Ad-Hoc|x64.Deploy.0 = Ad-Hoc|iPhone
		{02596648-408C-40F6-AD3A-14837229E948}.Ad-Hoc|x86.ActiveCfg = Ad-Hoc|iPhone
		{02596648-408C-40F6-AD3A-14837229E948}.Ad-Hoc|x86.Build.0 = Ad-Hoc|iPhone
		{02596648-408C-40F6-AD3A-14837229E948}.Ad-Hoc|x86.Deploy.0 = Ad-Hoc|iPhone
		{02596648-408C-40F6-AD3A-14837229E948}.AppStore|Any CPU.ActiveCfg = AppStore|iPhone
		{02596648-408C-40F6-AD3A-14837229E948}.AppStore|Any CPU.Build.0 = AppStore|iPhone
		{02596648-408C-40F6-AD3A-14837229E948}.AppStore|Any CPU.Deploy.0 = AppStore|iPhone
		{02596648-408C-40F6-AD3A-14837229E948}.AppStore|ARM.ActiveCfg = AppStore|iPhone
		{02596648-408C-40F6-AD3A-14837229E948}.AppStore|ARM.Build.0 = AppStore|iPhone
		{02596648-408C-40F6-AD3A-14837229E948}.AppStore|ARM.Deploy.0 = AppStore|iPhone
		{02596648-408C-40F6-AD3A-14837229E948}.AppStore|iPhone.ActiveCfg = AppStore|iPhone
		{02596648-408C-40F6-AD3A-14837229E948}.AppStore|iPhone.Build.0 = AppStore|iPhone
		{02596648-408C-40F6-AD3A-14837229E948}.AppStore|iPhone.Deploy.0 = AppStore|iPhone
		{02596648-408C-40F6-AD3A-14837229E948}.AppStore|iPhoneSimulator.ActiveCfg = AppStore|iPhoneSimulator
		{02596648-408C-40F6-AD3A-14837229E948}.AppStore|iPhoneSimulator.Build.0 = AppStore|iPhoneSimulator
		{02596648-408C-40F6-AD3A-14837229E948}.AppStore|iPhoneSimulator.Deploy.0 = AppStore|iPhoneSimulator
		{02596648-408C-40F6-AD3A-14837229E948}.AppStore|x64.ActiveCfg = AppStore|iPhone
		{02596648-408C-40F6-AD3A-14837229E948}.AppStore|x64.Build.0 = AppStore|iPhone
		{02596648-408C-40F6-AD3A-14837229E948}.AppStore|x64.Deploy.0 = AppStore|iPhone
		{02596648-408C-40F6-AD3A-14837229E948}.AppStore|x86.ActiveCfg = AppStore|iPhone
		{02596648-408C-40F6-AD3A-14837229E948}.AppStore|x86.Build.0 = AppStore|iPhone
		{02596648-408C-40F6-AD3A-14837229E948}.AppStore|x86.Deploy.0 = AppStore|iPhone
		{02596648-408C-40F6-AD3A-14837229E948}.Debug|Any CPU.ActiveCfg = Debug|iPhoneSimulator
		{02596648-408C-40F6-AD3A-14837229E948}.Debug|Any CPU.Build.0 = Debug|iPhoneSimulator
		{02596648-408C-40F6-AD3A-14837229E948}.Debug|Any CPU.Deploy.0 = Debug|iPhoneSimulator
		{02596648-408C-40F6-AD3A-14837229E948}.Debug|ARM.ActiveCfg = Debug|iPhone
		{02596648-408C-40F6-AD3A-14837229E948}.Debug|ARM.Build.0 = Debug|iPhone
		{02596648-408C-40F6-AD3A-14837229E948}.Debug|ARM.Deploy.0 = Debug|iPhone
		{02596648-408C-40F6-AD3A-14837229E948}.Debug|iPhone.ActiveCfg = Debug|iPhone
		{02596648-408C-40F6-AD3A-14837229E948}.Debug|iPhone.Build.0 = Debug|iPhone
		{02596648-408C-40F6-AD3A-14837229E948}.Debug|iPhone.Deploy.0 = Debug|iPhone
		{02596648-408C-40F6-AD3A-14837229E948}.Debug|iPhoneSimulator.ActiveCfg = Debug|iPhoneSimulator
		{02596648-408C-40F6-AD3A-14837229E948}.Debug|iPhoneSimulator.Build.0 = Debug|iPhoneSimulator
		{02596648-408C-40F6-AD3A-14837229E948}.Debug|iPhoneSimulator.Deploy.0 = Debug|iPhoneSimulator
		{02596648-408C-40F6-AD3A-14837229E948}.Debug|x64.ActiveCfg = Debug|iPhone
		{02596648-408C-40F6-AD3A-14837229E948}.Debug|x64.Build.0 = Debug|iPhone
		{02596648-408C-40F6-AD3A-14837229E948}.Debug|x64.Deploy.0 = Debug|iPhone
		{02596648-408C-40F6-AD3A-14837229E948}.Debug|x86.ActiveCfg = Debug|iPhone
		{02596648-408C-40F6-AD3A-14837229E948}.Debug|x86.Build.0 = Debug|iPhone
		{02596648-408C-40F6-AD3A-14837229E948}.Debug|x86.Deploy.0 = Debug|iPhone
		{02596648-408C-40F6-AD3A-14837229E948}.Release|Any CPU.ActiveCfg = Release|iPhone
		{02596648-408C-40F6-AD3A-14837229E948}.Release|Any CPU.Build.0 = Release|iPhone
		{02596648-408C-40F6-AD3A-14837229E948}.Release|Any CPU.Deploy.0 = Release|iPhone
		{02596648-408C-40F6-AD3A-14837229E948}.Release|ARM.ActiveCfg = Release|iPhone
		{02596648-408C-40F6-AD3A-14837229E948}.Release|ARM.Build.0 = Release|iPhone
		{02596648-408C-40F6-AD3A-14837229E948}.Release|ARM.Deploy.0 = Release|iPhone
		{02596648-408C-40F6-AD3A-14837229E948}.Release|iPhone.ActiveCfg = Release|iPhone
		{02596648-408C-40F6-AD3A-14837229E948}.Release|iPhone.Build.0 = Release|iPhone
		{02596648-408C-40F6-AD3A-14837229E948}.Release|iPhone.Deploy.0 = Release|iPhone
		{02596648-408C-40F6-AD3A-14837229E948}.Release|iPhoneSimulator.ActiveCfg = Release|iPhoneSimulator
		{02596648-408C-40F6-AD3A-14837229E948}.Release|iPhoneSimulator.Build.0 = Release|iPhoneSimulator
		{02596648-408C-40F6-AD3A-14837229E948}.Release|iPhoneSimulator.Deploy.0 = Release|iPhoneSimulator
		{02596648-408C-40F6-AD3A-14837229E948}.Release|x64.ActiveCfg = Release|iPhone
		{02596648-408C-40F6-AD3A-14837229E948}.Release|x64.Build.0 = Release|iPhone
		{02596648-408C-40F6-AD3A-14837229E948}.Release|x64.Deploy.0 = Release|iPhone
		{02596648-408C-40F6-AD3A-14837229E948}.Release|x86.ActiveCfg = Release|iPhone
		{02596648-408C-40F6-AD3A-14837229E948}.Release|x86.Build.0 = Release|iPhone
		{02596648-408C-40F6-AD3A-14837229E948}.Release|x86.Deploy.0 = Release|iPhone
		{2ECF3D64-FEC0-4569-907B-35514F3F7193}.Ad-Hoc|Any CPU.ActiveCfg = Release|x86
		{2ECF3D64-FEC0-4569-907B-35514F3F7193}.Ad-Hoc|Any CPU.Build.0 = Release|x86
		{2ECF3D64-FEC0-4569-907B-35514F3F7193}.Ad-Hoc|Any CPU.Deploy.0 = Release|x86
		{2ECF3D64-FEC0-4569-907B-35514F3F7193}.Ad-Hoc|ARM.ActiveCfg = Release|ARM
		{2ECF3D64-FEC0-4569-907B-35514F3F7193}.Ad-Hoc|ARM.Build.0 = Release|ARM
		{2ECF3D64-FEC0-4569-907B-35514F3F7193}.Ad-Hoc|ARM.Deploy.0 = Release|ARM
		{2ECF3D64-FEC0-4569-907B-35514F3F7193}.Ad-Hoc|iPhone.ActiveCfg = Release|x86
		{2ECF3D64-FEC0-4569-907B-35514F3F7193}.Ad-Hoc|iPhone.Build.0 = Release|x86
		{2ECF3D64-FEC0-4569-907B-35514F3F7193}.Ad-Hoc|iPhone.Deploy.0 = Release|x86
		{2ECF3D64-FEC0-4569-907B-35514F3F7193}.Ad-Hoc|iPhoneSimulator.ActiveCfg = Release|x86
		{2ECF3D64-FEC0-4569-907B-35514F3F7193}.Ad-Hoc|iPhoneSimulator.Build.0 = Release|x86
		{2ECF3D64-FEC0-4569-907B-35514F3F7193}.Ad-Hoc|iPhoneSimulator.Deploy.0 = Release|x86
		{2ECF3D64-FEC0-4569-907B-35514F3F7193}.Ad-Hoc|x64.ActiveCfg = Release|x64
		{2ECF3D64-FEC0-4569-907B-35514F3F7193}.Ad-Hoc|x64.Build.0 = Release|x64
		{2ECF3D64-FEC0-4569-907B-35514F3F7193}.Ad-Hoc|x64.Deploy.0 = Release|x64
		{2ECF3D64-FEC0-4569-907B-35514F3F7193}.Ad-Hoc|x86.ActiveCfg = Release|x86
		{2ECF3D64-FEC0-4569-907B-35514F3F7193}.Ad-Hoc|x86.Build.0 = Release|x86
		{2ECF3D64-FEC0-4569-907B-35514F3F7193}.Ad-Hoc|x86.Deploy.0 = Release|x86
		{2ECF3D64-FEC0-4569-907B-35514F3F7193}.AppStore|Any CPU.ActiveCfg = Release|x86
		{2ECF3D64-FEC0-4569-907B-35514F3F7193}.AppStore|Any CPU.Build.0 = Release|x86
		{2ECF3D64-FEC0-4569-907B-35514F3F7193}.AppStore|Any CPU.Deploy.0 = Release|x86
		{2ECF3D64-FEC0-4569-907B-35514F3F7193}.AppStore|ARM.ActiveCfg = Release|ARM
		{2ECF3D64-FEC0-4569-907B-35514F3F7193}.AppStore|ARM.Build.0 = Release|ARM
		{2ECF3D64-FEC0-4569-907B-35514F3F7193}.AppStore|ARM.Deploy.0 = Release|ARM
		{2ECF3D64-FEC0-4569-907B-35514F3F7193}.AppStore|iPhone.ActiveCfg = Release|x86
		{2ECF3D64-FEC0-4569-907B-35514F3F7193}.AppStore|iPhone.Build.0 = Release|x86
		{2ECF3D64-FEC0-4569-907B-35514F3F7193}.AppStore|iPhone.Deploy.0 = Release|x86
		{2ECF3D64-FEC0-4569-907B-35514F3F7193}.AppStore|iPhoneSimulator.ActiveCfg = Release|x86
		{2ECF3D64-FEC0-4569-907B-35514F3F7193}.AppStore|iPhoneSimulator.Build.0 = Release|x86
		{2ECF3D64-FEC0-4569-907B-35514F3F7193}.AppStore|iPhoneSimulator.Deploy.0 = Release|x86
		{2ECF3D64-FEC0-4569-907B-35514F3F7193}.AppStore|x64.ActiveCfg = Release|x64
		{2ECF3D64-FEC0-4569-907B-35514F3F7193}.AppStore|x64.Build.0 = Release|x64
		{2ECF3D64-FEC0-4569-907B-35514F3F7193}.AppStore|x64.Deploy.0 = Release|x64
		{2ECF3D64-FEC0-4569-907B-35514F3F7193}.AppStore|x86.ActiveCfg = Release|x86
		{2ECF3D64-FEC0-4569-907B-35514F3F7193}.AppStore|x86.Build.0 = Release|x86
		{2ECF3D64-FEC0-4569-907B-35514F3F7193}.AppStore|x86.Deploy.0 = Release|x86
		{2ECF3D64-FEC0-4569-907B-35514F3F7193}.Debug|Any CPU.ActiveCfg = Debug|x86
		{2ECF3D64-FEC0-4569-907B-35514F3F7193}.Debug|Any CPU.Build.0 = Debug|x86
		{2ECF3D64-FEC0-4569-907B-35514F3F7193}.Debug|Any CPU.Deploy.0 = Debug|x86
		{2ECF3D64-FEC0-4569-907B-35514F3F7193}.Debug|ARM.ActiveCfg = Debug|ARM
		{2ECF3D64-FEC0-4569-907B-35514F3F7193}.Debug|ARM.Build.0 = Debug|ARM
		{2ECF3D64-FEC0-4569-907B-35514F3F7193}.Debug|ARM.Deploy.0 = Debug|ARM
		{2ECF3D64-FEC0-4569-907B-35514F3F7193}.Debug|iPhone.ActiveCfg = Debug|x86
		{2ECF3D64-FEC0-4569-907B-35514F3F7193}.Debug|iPhone.Build.0 = Debug|x86
		{2ECF3D64-FEC0-4569-907B-35514F3F7193}.Debug|iPhone.Deploy.0 = Debug|x86
		{2ECF3D64-FEC0-4569-907B-35514F3F7193}.Debug|iPhoneSimulator.ActiveCfg = Debug|x86
		{2ECF3D64-FEC0-4569-907B-35514F3F7193}.Debug|iPhoneSimulator.Build.0 = Debug|x86
		{2ECF3D64-FEC0-4569-907B-35514F3F7193}.Debug|iPhoneSimulator.Deploy.0 = Debug|x86
		{2ECF3D64-FEC0-4569-907B-35514F3F7193}.Debug|x64.ActiveCfg = Debug|x64
		{2ECF3D64-FEC0-4569-907B-35514F3F7193}.Debug|x64.Build.0 = Debug|x64
		{2ECF3D64-FEC0-4569-907B-35514F3F7193}.Debug|x64.Deploy.0 = Debug|x64
		{2ECF3D64-FEC0-4569-907B-35514F3F7193}.Debug|x86.ActiveCfg = Debug|x86
		{2ECF3D64-FEC0-4569-907B-35514F3F7193}.Debug|x86.Build.0 = Debug|x86
		{2ECF3D64-FEC0-4569-907B-35514F3F7193}.Debug|x86.Deploy.0 = Debug|x86
		{2ECF3D64-FEC0-4569-907B-35514F3F7193}.Release|Any CPU.ActiveCfg = Release|x86
		{2ECF3D64-FEC0-4569-907B-35514F3F7193}.Release|Any CPU.Build.0 = Release|x86
		{2ECF3D64-FEC0-4569-907B-35514F3F7193}.Release|Any CPU.Deploy.0 = Release|x86
		{2ECF3D64-FEC0-4569-907B-35514F3F7193}.Release|ARM.ActiveCfg = Release|ARM
		{2ECF3D64-FEC0-4569-907B-35514F3F7193}.Release|ARM.Build.0 = Release|ARM
		{2ECF3D64-FEC0-4569-907B-35514F3F7193}.Release|ARM.Deploy.0 = Release|ARM
		{2ECF3D64-FEC0-4569-907B-35514F3F7193}.Release|iPhone.ActiveCfg = Release|x86
		{2ECF3D64-FEC0-4569-907B-35514F3F7193}.Release|iPhone.Build.0 = Release|x86
		{2ECF3D64-FEC0-4569-907B-35514F3F7193}.Release|iPhone.Deploy.0 = Release|x86
		{2ECF3D64-FEC0-4569-907B-35514F3F7193}.Release|iPhoneSimulator.ActiveCfg = Release|x86
		{2ECF3D64-FEC0-4569-907B-35514F3F7193}.Release|iPhoneSimulator.Build.0 = Release|x86
		{2ECF3D64-FEC0-4569-907B-35514F3F7193}.Release|iPhoneSimulator.Deploy.0 = Release|x86
		{2ECF3D64-FEC0-4569-907B-35514F3F7193}.Release|x64.ActiveCfg = Release|x64
		{2ECF3D64-FEC0-4569-907B-35514F3F7193}.Release|x64.Build.0 = Release|x64
		{2ECF3D64-FEC0-4569-907B-35514F3F7193}.Release|x64.Deploy.0 = Release|x64
		{2ECF3D64-FEC0-4569-907B-35514F3F7193}.Release|x86.ActiveCfg = Release|x86
		{2ECF3D64-FEC0-4569-907B-35514F3F7193}.Release|x86.Build.0 = Release|x86
		{2ECF3D64-FEC0-4569-907B-35514F3F7193}.Release|x86.Deploy.0 = Release|x86
		{CB520569-E0F3-4276-AEA7-CA534243D2DD}.Ad-Hoc|Any CPU.ActiveCfg = Debug|Any CPU
		{CB520569-E0F3-4276-AEA7-CA534243D2DD}.Ad-Hoc|Any CPU.Build.0 = Debug|Any CPU
		{CB520569-E0F3-4276-AEA7-CA534243D2DD}.Ad-Hoc|Any CPU.Deploy.0 = Debug|Any CPU
		{CB520569-E0F3-4276-AEA7-CA534243D2DD}.Ad-Hoc|ARM.ActiveCfg = Debug|Any CPU
		{CB520569-E0F3-4276-AEA7-CA534243D2DD}.Ad-Hoc|ARM.Build.0 = Debug|Any CPU
		{CB520569-E0F3-4276-AEA7-CA534243D2DD}.Ad-Hoc|ARM.Deploy.0 = Debug|Any CPU
		{CB520569-E0F3-4276-AEA7-CA534243D2DD}.Ad-Hoc|iPhone.ActiveCfg = Debug|Any CPU
		{CB520569-E0F3-4276-AEA7-CA534243D2DD}.Ad-Hoc|iPhone.Build.0 = Debug|Any CPU
		{CB520569-E0F3-4276-AEA7-CA534243D2DD}.Ad-Hoc|iPhone.Deploy.0 = Debug|Any CPU
		{CB520569-E0F3-4276-AEA7-CA534243D2DD}.Ad-Hoc|iPhoneSimulator.ActiveCfg = Debug|Any CPU
		{CB520569-E0F3-4276-AEA7-CA534243D2DD}.Ad-Hoc|iPhoneSimulator.Build.0 = Debug|Any CPU
		{CB520569-E0F3-4276-AEA7-CA534243D2DD}.Ad-Hoc|iPhoneSimulator.Deploy.0 = Debug|Any CPU
		{CB520569-E0F3-4276-AEA7-CA534243D2DD}.Ad-Hoc|x64.ActiveCfg = Debug|Any CPU
		{CB520569-E0F3-4276-AEA7-CA534243D2DD}.Ad-Hoc|x64.Build.0 = Debug|Any CPU
		{CB520569-E0F3-4276-AEA7-CA534243D2DD}.Ad-Hoc|x64.Deploy.0 = Debug|Any CPU
		{CB520569-E0F3-4276-AEA7-CA534243D2DD}.Ad-Hoc|x86.ActiveCfg = Debug|Any CPU
		{CB520569-E0F3-4276-AEA7-CA534243D2DD}.Ad-Hoc|x86.Build.0 = Debug|Any CPU
		{CB520569-E0F3-4276-AEA7-CA534243D2DD}.Ad-Hoc|x86.Deploy.0 = Debug|Any CPU
		{CB520569-E0F3-4276-AEA7-CA534243D2DD}.AppStore|Any CPU.ActiveCfg = Debug|Any CPU
		{CB520569-E0F3-4276-AEA7-CA534243D2DD}.AppStore|Any CPU.Build.0 = Debug|Any CPU
		{CB520569-E0F3-4276-AEA7-CA534243D2DD}.AppStore|Any CPU.Deploy.0 = Debug|Any CPU
		{CB520569-E0F3-4276-AEA7-CA534243D2DD}.AppStore|ARM.ActiveCfg = Debug|Any CPU
		{CB520569-E0F3-4276-AEA7-CA534243D2DD}.AppStore|ARM.Build.0 = Debug|Any CPU
		{CB520569-E0F3-4276-AEA7-CA534243D2DD}.AppStore|ARM.Deploy.0 = Debug|Any CPU
		{CB520569-E0F3-4276-AEA7-CA534243D2DD}.AppStore|iPhone.ActiveCfg = Debug|Any CPU
		{CB520569-E0F3-4276-AEA7-CA534243D2DD}.AppStore|iPhone.Build.0 = Debug|Any CPU
		{CB520569-E0F3-4276-AEA7-CA534243D2DD}.AppStore|iPhone.Deploy.0 = Debug|Any CPU
		{CB520569-E0F3-4276-AEA7-CA534243D2DD}.AppStore|iPhoneSimulator.ActiveCfg = Debug|Any CPU
		{CB520569-E0F3-4276-AEA7-CA534243D2DD}.AppStore|iPhoneSimulator.Build.0 = Debug|Any CPU
		{CB520569-E0F3-4276-AEA7-CA534243D2DD}.AppStore|iPhoneSimulator.Deploy.0 = Debug|Any CPU
		{CB520569-E0F3-4276-AEA7-CA534243D2DD}.AppStore|x64.ActiveCfg = Debug|Any CPU
		{CB520569-E0F3-4276-AEA7-CA534243D2DD}.AppStore|x64.Build.0 = Debug|Any CPU
		{CB520569-E0F3-4276-AEA7-CA534243D2DD}.AppStore|x64.Deploy.0 = Debug|Any CPU
		{CB520569-E0F3-4276-AEA7-CA534243D2DD}.AppStore|x86.ActiveCfg = Debug|Any CPU
		{CB520569-E0F3-4276-AEA7-CA534243D2DD}.AppStore|x86.Build.0 = Debug|Any CPU
		{CB520569-E0F3-4276-AEA7-CA534243D2DD}.AppStore|x86.Deploy.0 = Debug|Any CPU
		{CB520569-E0F3-4276-AEA7-CA534243D2DD}.Debug|Any CPU.ActiveCfg = Debug|Any CPU
		{CB520569-E0F3-4276-AEA7-CA534243D2DD}.Debug|Any CPU.Build.0 = Debug|Any CPU
		{CB520569-E0F3-4276-AEA7-CA534243D2DD}.Debug|Any CPU.Deploy.0 = Debug|Any CPU
		{CB520569-E0F3-4276-AEA7-CA534243D2DD}.Debug|ARM.ActiveCfg = Debug|Any CPU
		{CB520569-E0F3-4276-AEA7-CA534243D2DD}.Debug|ARM.Build.0 = Debug|Any CPU
		{CB520569-E0F3-4276-AEA7-CA534243D2DD}.Debug|ARM.Deploy.0 = Debug|Any CPU
		{CB520569-E0F3-4276-AEA7-CA534243D2DD}.Debug|iPhone.ActiveCfg = Debug|Any CPU
		{CB520569-E0F3-4276-AEA7-CA534243D2DD}.Debug|iPhone.Build.0 = Debug|Any CPU
		{CB520569-E0F3-4276-AEA7-CA534243D2DD}.Debug|iPhone.Deploy.0 = Debug|Any CPU
		{CB520569-E0F3-4276-AEA7-CA534243D2DD}.Debug|iPhoneSimulator.ActiveCfg = Debug|Any CPU
		{CB520569-E0F3-4276-AEA7-CA534243D2DD}.Debug|iPhoneSimulator.Build.0 = Debug|Any CPU
		{CB520569-E0F3-4276-AEA7-CA534243D2DD}.Debug|iPhoneSimulator.Deploy.0 = Debug|Any CPU
		{CB520569-E0F3-4276-AEA7-CA534243D2DD}.Debug|x64.ActiveCfg = Debug|Any CPU
		{CB520569-E0F3-4276-AEA7-CA534243D2DD}.Debug|x64.Build.0 = Debug|Any CPU
		{CB520569-E0F3-4276-AEA7-CA534243D2DD}.Debug|x64.Deploy.0 = Debug|Any CPU
		{CB520569-E0F3-4276-AEA7-CA534243D2DD}.Debug|x86.ActiveCfg = Debug|Any CPU
		{CB520569-E0F3-4276-AEA7-CA534243D2DD}.Debug|x86.Build.0 = Debug|Any CPU
		{CB520569-E0F3-4276-AEA7-CA534243D2DD}.Debug|x86.Deploy.0 = Debug|Any CPU
		{CB520569-E0F3-4276-AEA7-CA534243D2DD}.Release|Any CPU.ActiveCfg = Release|Any CPU
		{CB520569-E0F3-4276-AEA7-CA534243D2DD}.Release|Any CPU.Build.0 = Release|Any CPU
		{CB520569-E0F3-4276-AEA7-CA534243D2DD}.Release|Any CPU.Deploy.0 = Release|Any CPU
		{CB520569-E0F3-4276-AEA7-CA534243D2DD}.Release|ARM.ActiveCfg = Release|Any CPU
		{CB520569-E0F3-4276-AEA7-CA534243D2DD}.Release|ARM.Build.0 = Release|Any CPU
		{CB520569-E0F3-4276-AEA7-CA534243D2DD}.Release|ARM.Deploy.0 = Release|Any CPU
		{CB520569-E0F3-4276-AEA7-CA534243D2DD}.Release|iPhone.ActiveCfg = Release|Any CPU
		{CB520569-E0F3-4276-AEA7-CA534243D2DD}.Release|iPhone.Build.0 = Release|Any CPU
		{CB520569-E0F3-4276-AEA7-CA534243D2DD}.Release|iPhone.Deploy.0 = Release|Any CPU
		{CB520569-E0F3-4276-AEA7-CA534243D2DD}.Release|iPhoneSimulator.ActiveCfg = Release|Any CPU
		{CB520569-E0F3-4276-AEA7-CA534243D2DD}.Release|iPhoneSimulator.Build.0 = Release|Any CPU
		{CB520569-E0F3-4276-AEA7-CA534243D2DD}.Release|iPhoneSimulator.Deploy.0 = Release|Any CPU
		{CB520569-E0F3-4276-AEA7-CA534243D2DD}.Release|x64.ActiveCfg = Release|Any CPU
		{CB520569-E0F3-4276-AEA7-CA534243D2DD}.Release|x64.Build.0 = Release|Any CPU
		{CB520569-E0F3-4276-AEA7-CA534243D2DD}.Release|x64.Deploy.0 = Release|Any CPU
		{CB520569-E0F3-4276-AEA7-CA534243D2DD}.Release|x86.ActiveCfg = Release|Any CPU
		{CB520569-E0F3-4276-AEA7-CA534243D2DD}.Release|x86.Build.0 = Release|Any CPU
		{CB520569-E0F3-4276-AEA7-CA534243D2DD}.Release|x86.Deploy.0 = Release|Any CPU
	EndGlobalSection
	GlobalSection(SolutionProperties) = preSolution
		HideSolutionNode = FALSE
	EndGlobalSection
	GlobalSection(ExtensibilityGlobals) = postSolution
		SolutionGuid = {71BEF35A-B907-4964-997C-3CDC69B4CE49}
	EndGlobalSection
EndGlobal
